
Microsoft Visual Studio Solution File, Format Version 12.00
# Visual Studio 15
VisualStudioVersion = 15.0.27703.2042
MinimumVisualStudioVersion = 10.0.40219.1
Project("{8BC9CEB8-8B4A-11D0-8D11-00A0C91BC942}") = "Anemone", "Anemone\Anemone.vcxproj", "{596FF202-7D56-44A5-8497-D12FCB7E677C}"
EndProject
Project("{2150E333-8FDC-42A3-9474-1A3956D46DE8}") = "ITHVNR", "ITHVNR", "{5959FF42-E1FD-4378-A204-608D2BBD447B}"
EndProject
Project("{8BC9CEB8-8B4A-11D0-8D11-00A0C91BC942}") = "ITHVNR", "third_party\ithvnr\ITHVNR.vcxproj", "{61FF95DB-6817-4C04-B737-478D25013577}"
EndProject
Project("{8BC9CEB8-8B4A-11D0-8D11-00A0C91BC942}") = "VNRHook", "third_party\ithvnr\VNRHook.vcxproj", "{43D52220-3561-4CAF-A0E5-7992935BBFF0}"
EndProject
Project("{8BC9CEB8-8B4A-11D0-8D11-00A0C91BC942}") = "VNRHost", "third_party\ithvnr\VNRHost.vcxproj", "{C9B7D82F-4548-41CE-8A0E-412C3EE28E8F}"
EndProject
Global
	GlobalSection(SolutionConfigurationPlatforms) = preSolution
		Debug|x64 = Debug|x64
		Debug|x86 = Debug|x86
		Release|x64 = Release|x64
		Release|x86 = Release|x86
	EndGlobalSection
	GlobalSection(ProjectConfigurationPlatforms) = postSolution
		{596FF202-7D56-44A5-8497-D12FCB7E677C}.Debug|x64.ActiveCfg = Debug|x64
		{596FF202-7D56-44A5-8497-D12FCB7E677C}.Debug|x64.Build.0 = Debug|x64
		{596FF202-7D56-44A5-8497-D12FCB7E677C}.Debug|x86.ActiveCfg = Debug|Win32
		{596FF202-7D56-44A5-8497-D12FCB7E677C}.Debug|x86.Build.0 = Debug|Win32
		{596FF202-7D56-44A5-8497-D12FCB7E677C}.Release|x64.ActiveCfg = Release|x64
		{596FF202-7D56-44A5-8497-D12FCB7E677C}.Release|x64.Build.0 = Release|x64
		{596FF202-7D56-44A5-8497-D12FCB7E677C}.Release|x86.ActiveCfg = Release|Win32
		{596FF202-7D56-44A5-8497-D12FCB7E677C}.Release|x86.Build.0 = Release|Win32
		{61FF95DB-6817-4C04-B737-478D25013577}.Debug|x64.ActiveCfg = Debug|x64
		{61FF95DB-6817-4C04-B737-478D25013577}.Debug|x64.Build.0 = Debug|x64
		{61FF95DB-6817-4C04-B737-478D25013577}.Debug|x86.ActiveCfg = Debug|Win32
		{61FF95DB-6817-4C04-B737-478D25013577}.Debug|x86.Build.0 = Debug|Win32
		{61FF95DB-6817-4C04-B737-478D25013577}.Release|x64.ActiveCfg = Release|x64
		{61FF95DB-6817-4C04-B737-478D25013577}.Release|x64.Build.0 = Release|x64
		{61FF95DB-6817-4C04-B737-478D25013577}.Release|x86.ActiveCfg = Release|Win32
		{61FF95DB-6817-4C04-B737-478D25013577}.Release|x86.Build.0 = Release|Win32
		{43D52220-3561-4CAF-A0E5-7992935BBFF0}.Debug|x64.ActiveCfg = Debug|x64
		{43D52220-3561-4CAF-A0E5-7992935BBFF0}.Debug|x64.Build.0 = Debug|x64
		{43D52220-3561-4CAF-A0E5-7992935BBFF0}.Debug|x86.ActiveCfg = Debug|Win32
		{43D52220-3561-4CAF-A0E5-7992935BBFF0}.Debug|x86.Build.0 = Debug|Win32
		{43D52220-3561-4CAF-A0E5-7992935BBFF0}.Release|x64.ActiveCfg = Release|x64
		{43D52220-3561-4CAF-A0E5-7992935BBFF0}.Release|x64.Build.0 = Release|x64
		{43D52220-3561-4CAF-A0E5-7992935BBFF0}.Release|x86.ActiveCfg = Release|Win32
		{43D52220-3561-4CAF-A0E5-7992935BBFF0}.Release|x86.Build.0 = Release|Win32
		{C9B7D82F-4548-41CE-8A0E-412C3EE28E8F}.Debug|x64.ActiveCfg = Debug|x64
		{C9B7D82F-4548-41CE-8A0E-412C3EE28E8F}.Debug|x64.Build.0 = Debug|x64
		{C9B7D82F-4548-41CE-8A0E-412C3EE28E8F}.Debug|x86.ActiveCfg = Debug|Win32
		{C9B7D82F-4548-41CE-8A0E-412C3EE28E8F}.Debug|x86.Build.0 = Debug|Win32
		{C9B7D82F-4548-41CE-8A0E-412C3EE28E8F}.Release|x64.ActiveCfg = Release|x64
		{C9B7D82F-4548-41CE-8A0E-412C3EE28E8F}.Release|x64.Build.0 = Release|x64
		{C9B7D82F-4548-41CE-8A0E-412C3EE28E8F}.Release|x86.ActiveCfg = Release|Win32
		{C9B7D82F-4548-41CE-8A0E-412C3EE28E8F}.Release|x86.Build.0 = Release|Win32
	EndGlobalSection
	GlobalSection(SolutionProperties) = preSolution
		HideSolutionNode = FALSE
	EndGlobalSection
	GlobalSection(NestedProjects) = preSolution
		{61FF95DB-6817-4C04-B737-478D25013577} = {5959FF42-E1FD-4378-A204-608D2BBD447B}
		{43D52220-3561-4CAF-A0E5-7992935BBFF0} = {5959FF42-E1FD-4378-A204-608D2BBD447B}
		{C9B7D82F-4548-41CE-8A0E-412C3EE28E8F} = {5959FF42-E1FD-4378-A204-608D2BBD447B}
	EndGlobalSection
	GlobalSection(ExtensibilityGlobals) = postSolution
		SolutionGuid = {981A1890-4E1D-4904-901C-A3C0A79D3936}
	EndGlobalSection
EndGlobal
