<?xml version="1.0" encoding="utf-8"?>
<Project ToolsVersion="4.0" xmlns="http://schemas.microsoft.com/developer/msbuild/2003">
  <ItemGroup>
    <ClCompile Include="Anemone.cpp">
      <Filter>Source Files</Filter>
    </ClCompile>
    <ClCompile Include="Graphics.cpp">
      <Filter>Source Files</Filter>
    </ClCompile>
    <ClCompile Include="ScrollDialog.cpp">
      <Filter>Source Files</Filter>
    </ClCompile>
    <ClCompile Include="stdafx.cpp" />
    <ClCompile Include="LayeredWnd.cpp">
      <Filter>Source Files</Filter>
    </ClCompile>
    <ClCompile Include="MainDlg.cpp">
      <Filter>Source Files</Filter>
    </ClCompile>
    <ClCompile Include="SettingDlg.cpp">
      <Filter>Source Files</Filter>
    </ClCompile>
    <ClCompile Include="ConfigManager.cpp">
      <Filter>Source Files</Filter>
    </ClCompile>
    <ClCompile Include="Frame\BaseFrame.cpp">
      <Filter>Source Files\Frame</Filter>
    </ClCompile>
    <ClCompile Include="Frame\CaptionFrame.cpp">
      <Filter>Source Files\Frame</Filter>
    </ClCompile>
    <ClCompile Include="Frame\ClipboardFrame.cpp">
      <Filter>Source Files\Frame</Filter>
    </ClCompile>
    <ClCompile Include="Frame\TranslateFrame.cpp">
      <Filter>Source Files\Frame</Filter>
    </ClCompile>
    <ClCompile Include="LayeredWindow\LayeredBuffer.cpp">
      <Filter>Source Files\Layered Window</Filter>
    </ClCompile>
    <ClCompile Include="LayeredWindow\LayeredContext.cpp">
      <Filter>Source Files\Layered Window</Filter>
    </ClCompile>
    <ClCompile Include="LayeredWindow\LayeredWindow.cpp">
      <Filter>Source Files\Layered Window</Filter>
    </ClCompile>
    <ClCompile Include="Utility\FPSCounter.cpp">
      <Filter>Source Files\Utility</Filter>
    </ClCompile>
    <ClCompile Include="Utility\RawPoint.cpp">
      <Filter>Source Files\Utility</Filter>
    </ClCompile>
    <ClCompile Include="Utility\RawSize.cpp">
      <Filter>Source Files\Utility</Filter>
    </ClCompile>
  </ItemGroup>
  <ItemGroup>
    <ClInclude Include="stdafx.h" />
    <ClInclude Include="targetver.h" />
    <ClInclude Include="Resource.h">
      <Filter>Resource Files</Filter>
    </ClInclude>
    <ClInclude Include="Anemone.h">
      <Filter>Header Files</Filter>
    </ClInclude>
    <ClInclude Include="DisplayParams.h">
      <Filter>Header Files</Filter>
    </ClInclude>
    <ClInclude Include="Graphics.h">
      <Filter>Header Files</Filter>
    </ClInclude>
    <ClInclude Include="ScrollDialog.h">
      <Filter>Header Files</Filter>
    </ClInclude>
    <ClInclude Include="LayeredWnd.h">
      <Filter>Header Files</Filter>
    </ClInclude>
    <ClInclude Include="MainDlg.h">
      <Filter>Header Files</Filter>
    </ClInclude>
    <ClInclude Include="SettingDlg.h">
      <Filter>Header Files</Filter>
    </ClInclude>
    <ClInclude Include="ConfigManager.h">
      <Filter>Header Files</Filter>
    </ClInclude>
    <ClInclude Include="LayeredWindow\LayeredBuffer.h">
      <Filter>Header Files\Layered Window</Filter>
    </ClInclude>
    <ClInclude Include="LayeredWindow\LayeredContext.h">
      <Filter>Header Files\Layered Window</Filter>
    </ClInclude>
    <ClInclude Include="LayeredWindow\LayeredWindow.h">
      <Filter>Header Files\Layered Window</Filter>
    </ClInclude>
    <ClInclude Include="Utility\FPSCounter.h">
      <Filter>Header Files\Utility</Filter>
    </ClInclude>
    <ClInclude Include="Utility\RawPoint.h">
      <Filter>Header Files\Utility</Filter>
    </ClInclude>
    <ClInclude Include="Utility\RawSize.h">
      <Filter>Header Files\Utility</Filter>
    </ClInclude>
    <ClInclude Include="Frame\BaseFrame.h">
      <Filter>Header Files\Frame</Filter>
    </ClInclude>
    <ClInclude Include="Frame\CaptionFrame.h">
      <Filter>Header Files\Frame</Filter>
    </ClInclude>
    <ClInclude Include="Frame\ClipboardFrame.h">
      <Filter>Header Files\Frame</Filter>
    </ClInclude>
    <ClInclude Include="Frame\TranslateFrame.h">
      <Filter>Header Files\Frame</Filter>
    </ClInclude>
  </ItemGroup>
  <ItemGroup>
    <Image Include="Anemone.ico">
      <Filter>Resource Files</Filter>
    </Image>
  </ItemGroup>
  <ItemGroup>
    <Filter Include="Source Files">
      <UniqueIdentifier>{8ea935c3-24b5-448c-a8fd-87f21ddfa69e}</UniqueIdentifier>
    </Filter>
    <Filter Include="Header Files">
      <UniqueIdentifier>{589e341f-524d-455a-b7d8-d31224740036}</UniqueIdentifier>
    </Filter>
    <Filter Include="Resource Files">
      <UniqueIdentifier>{4b94c69f-171a-40be-8539-5d46deb63caa}</UniqueIdentifier>
    </Filter>
    <Filter Include="Header Files\Layered Window">
      <UniqueIdentifier>{f462cfee-2c7d-4088-b8fc-a2f9569b2274}</UniqueIdentifier>
    </Filter>
    <Filter Include="Header Files\Frame">
      <UniqueIdentifier>{d14f33d2-6c82-41b7-92a6-45ce1d0e56f6}</UniqueIdentifier>
    </Filter>
    <Filter Include="Header Files\Utility">
      <UniqueIdentifier>{33f1597f-7cbb-4977-8cf2-c20f45f3cc6d}</UniqueIdentifier>
    </Filter>
    <Filter Include="Source Files\Frame">
      <UniqueIdentifier>{25b909e9-a875-45ff-8b8c-c1842cce8348}</UniqueIdentifier>
    </Filter>
    <Filter Include="Source Files\Layered Window">
      <UniqueIdentifier>{8047d27e-b935-444d-8fe9-18f66696c810}</UniqueIdentifier>
    </Filter>
    <Filter Include="Source Files\Utility">
      <UniqueIdentifier>{dbb1a126-0dcb-42b1-92b4-e16fd53a7e42}</UniqueIdentifier>
    </Filter>
  </ItemGroup>
  <ItemGroup>
    <ResourceCompile Include="Anemone.rc">
      <Filter>Resource Files</Filter>
    </ResourceCompile>
  </ItemGroup>
</Project>